
Microsoft Visual Studio Solution File, Format Version 12.00
# Visual Studio Version 17
VisualStudioVersion = 17.11.35303.130
MinimumVisualStudioVersion = 10.0.40219.1
Project("{FAE04EC0-301F-11D3-BF4B-00C04F79EFBC}") = "Week4Loops", "Week4Loops\Week4Loops.csproj", "{4074AF7F-806F-4EFD-A109-5AF7C5D34E6D}"
EndProject
Project("{FAE04EC0-301F-11D3-BF4B-00C04F79EFBC}") = "ForLoopSum", "ForLoopSum\ForLoopSum.csproj", "{16D90067-255E-4741-ACF0-FAE26E34026A}"
EndProject
Project("{FAE04EC0-301F-11D3-BF4B-00C04F79EFBC}") = "RandomNumber", "RandomNumber\RandomNumber.csproj", "{436F370E-E9BC-4063-B2DE-01D1BA711CC4}"
EndProject
Project("{FAE04EC0-301F-11D3-BF4B-00C04F79EFBC}") = "WhileLoops", "WhileLoops\WhileLoops.csproj", "{276F72E5-2744-4CB1-A495-4F332E5C4B6C}"
EndProject
Global
	GlobalSection(SolutionConfigurationPlatforms) = preSolution
		Debug|Any CPU = Debug|Any CPU
		Release|Any CPU = Release|Any CPU
	EndGlobalSection
	GlobalSection(ProjectConfigurationPlatforms) = postSolution
		{4074AF7F-806F-4EFD-A109-5AF7C5D34E6D}.Debug|Any CPU.ActiveCfg = Debug|Any CPU
		{4074AF7F-806F-4EFD-A109-5AF7C5D34E6D}.Debug|Any CPU.Build.0 = Debug|Any CPU
		{4074AF7F-806F-4EFD-A109-5AF7C5D34E6D}.Release|Any CPU.ActiveCfg = Release|Any CPU
		{4074AF7F-806F-4EFD-A109-5AF7C5D34E6D}.Release|Any CPU.Build.0 = Release|Any CPU
		{16D90067-255E-4741-ACF0-FAE26E34026A}.Debug|Any CPU.ActiveCfg = Debug|Any CPU
		{16D90067-255E-4741-ACF0-FAE26E34026A}.Debug|Any CPU.Build.0 = Debug|Any CPU
		{16D90067-255E-4741-ACF0-FAE26E34026A}.Release|Any CPU.ActiveCfg = Release|Any CPU
		{16D90067-255E-4741-ACF0-FAE26E34026A}.Release|Any CPU.Build.0 = Release|Any CPU
		{436F370E-E9BC-4063-B2DE-01D1BA711CC4}.Debug|Any CPU.ActiveCfg = Debug|Any CPU
		{436F370E-E9BC-4063-B2DE-01D1BA711CC4}.Debug|Any CPU.Build.0 = Debug|Any CPU
		{436F370E-E9BC-4063-B2DE-01D1BA711CC4}.Release|Any CPU.ActiveCfg = Release|Any CPU
		{436F370E-E9BC-4063-B2DE-01D1BA711CC4}.Release|Any CPU.Build.0 = Release|Any CPU
		{276F72E5-2744-4CB1-A495-4F332E5C4B6C}.Debug|Any CPU.ActiveCfg = Debug|Any CPU
		{276F72E5-2744-4CB1-A495-4F332E5C4B6C}.Debug|Any CPU.Build.0 = Debug|Any CPU
		{276F72E5-2744-4CB1-A495-4F332E5C4B6C}.Release|Any CPU.ActiveCfg = Release|Any CPU
		{276F72E5-2744-4CB1-A495-4F332E5C4B6C}.Release|Any CPU.Build.0 = Release|Any CPU
	EndGlobalSection
	GlobalSection(SolutionProperties) = preSolution
		HideSolutionNode = FALSE
	EndGlobalSection
	GlobalSection(ExtensibilityGlobals) = postSolution
		SolutionGuid = {75B66E98-899D-40F6-B0A6-E74BEBE2180D}
	EndGlobalSection
EndGlobal
